// !$*UTF8*$!
{
	archiveVersion = 1;
	classes = {
	};
	objectVersion = 46;
	objects = {

/* Begin PBXBuildFile section */
		BEC300461F50873600263200 /* GenerateThumbnailForURL.c in Sources */ = {isa = PBXBuildFile; fileRef = BEC300451F50873600263200 /* GenerateThumbnailForURL.c */; };
		BEC300481F50873600263200 /* GeneratePreviewForURL.m in Sources */ = {isa = PBXBuildFile; fileRef = BEC300471F50873600263200 /* GeneratePreviewForURL.m */; };
		BEC3004A1F50873600263200 /* main.c in Sources */ = {isa = PBXBuildFile; fileRef = BEC300491F50873600263200 /* main.c */; };
		BEC300551F50888D00263200 /* CoreFoundation.framework in Frameworks */ = {isa = PBXBuildFile; fileRef = BEC300541F50888D00263200 /* CoreFoundation.framework */; };
		BEC300571F5088C500263200 /* AppKit.framework in Frameworks */ = {isa = PBXBuildFile; fileRef = BEC300561F5088C500263200 /* AppKit.framework */; };
		BEC300591F5088D100263200 /* QuickLook.framework in Frameworks */ = {isa = PBXBuildFile; fileRef = BEC300581F5088D100263200 /* QuickLook.framework */; };
		BEC3005B1F5088D500263200 /* ApplicationServices.framework in Frameworks */ = {isa = PBXBuildFile; fileRef = BEC3005A1F5088D500263200 /* ApplicationServices.framework */; };
		BEC3005D1F5088DB00263200 /* CoreServices.framework in Frameworks */ = {isa = PBXBuildFile; fileRef = BEC3005C1F5088DB00263200 /* CoreServices.framework */; };
/* End PBXBuildFile section */

/* Begin PBXFileReference section */
		BEC300421F50873600263200 /* java-class-quick-look.qlgenerator */ = {isa = PBXFileReference; explicitFileType = wrapper.cfbundle; includeInIndex = 0; path = "java-class-quick-look.qlgenerator"; sourceTree = BUILT_PRODUCTS_DIR; };
		BEC300451F50873600263200 /* GenerateThumbnailForURL.c */ = {isa = PBXFileReference; lastKnownFileType = sourcecode.c.c; path = GenerateThumbnailForURL.c; sourceTree = "<group>"; };
		BEC300471F50873600263200 /* GeneratePreviewForURL.m */ = {isa = PBXFileReference; lastKnownFileType = sourcecode.c.objc; path = GeneratePreviewForURL.m; sourceTree = "<group>"; };
		BEC300491F50873600263200 /* main.c */ = {isa = PBXFileReference; lastKnownFileType = sourcecode.c.c; path = main.c; sourceTree = "<group>"; };
		BEC3004B1F50873600263200 /* Info.plist */ = {isa = PBXFileReference; lastKnownFileType = text.plist.xml; path = Info.plist; sourceTree = "<group>"; };
		BEC300521F50887A00263200 /* Foundation.framework */ = {isa = PBXFileReference; lastKnownFileType = wrapper.framework; name = Foundation.framework; path = System/Library/Frameworks/Foundation.framework; sourceTree = SDKROOT; };
		BEC300541F50888D00263200 /* CoreFoundation.framework */ = {isa = PBXFileReference; lastKnownFileType = wrapper.framework; name = CoreFoundation.framework; path = System/Library/Frameworks/CoreFoundation.framework; sourceTree = SDKROOT; };
		BEC300561F5088C500263200 /* AppKit.framework */ = {isa = PBXFileReference; lastKnownFileType = wrapper.framework; name = AppKit.framework; path = System/Library/Frameworks/AppKit.framework; sourceTree = SDKROOT; };
		BEC300581F5088D100263200 /* QuickLook.framework */ = {isa = PBXFileReference; lastKnownFileType = wrapper.framework; name = QuickLook.framework; path = System/Library/Frameworks/QuickLook.framework; sourceTree = SDKROOT; };
		BEC3005A1F5088D500263200 /* ApplicationServices.framework */ = {isa = PBXFileReference; lastKnownFileType = wrapper.framework; name = ApplicationServices.framework; path = System/Library/Frameworks/ApplicationServices.framework; sourceTree = SDKROOT; };
		BEC3005C1F5088DB00263200 /* CoreServices.framework */ = {isa = PBXFileReference; lastKnownFileType = wrapper.framework; name = CoreServices.framework; path = System/Library/Frameworks/CoreServices.framework; sourceTree = SDKROOT; };
/* End PBXFileReference section */

/* Begin PBXFrameworksBuildPhase section */
		BEC3003E1F50873600263200 /* Frameworks */ = {
			isa = PBXFrameworksBuildPhase;
			buildActionMask = 2147483647;
			files = (
				BEC3005D1F5088DB00263200 /* CoreServices.framework in Frameworks */,
				BEC3005B1F5088D500263200 /* ApplicationServices.framework in Frameworks */,
				BEC300591F5088D100263200 /* QuickLook.framework in Frameworks */,
				BEC300571F5088C500263200 /* AppKit.framework in Frameworks */,
				BEC300551F50888D00263200 /* CoreFoundation.framework in Frameworks */,
			);
			runOnlyForDeploymentPostprocessing = 0;
		};
/* End PBXFrameworksBuildPhase section */

/* Begin PBXGroup section */
		BEC300381F50873600263200 = {
			isa = PBXGroup;
			children = (
				BEC300441F50873600263200 /* java-class-quick-look */,
				BEC300431F50873600263200 /* Products */,
				BEC300511F50887A00263200 /* Frameworks */,
			);
			sourceTree = "<group>";
		};
		BEC300431F50873600263200 /* Products */ = {
			isa = PBXGroup;
			children = (
				BEC300421F50873600263200 /* java-class-quick-look.qlgenerator */,
			);
			name = Products;
			sourceTree = "<group>";
		};
		BEC300441F50873600263200 /* java-class-quick-look */ = {
			isa = PBXGroup;
			children = (
				BEC300451F50873600263200 /* GenerateThumbnailForURL.c */,
				BEC300471F50873600263200 /* GeneratePreviewForURL.m */,
				BEC300491F50873600263200 /* main.c */,
				BEC3004B1F50873600263200 /* Info.plist */,
			);
			path = "java-class-quick-look";
			sourceTree = "<group>";
		};
		BEC300511F50887A00263200 /* Frameworks */ = {
			isa = PBXGroup;
			children = (
				BEC3005C1F5088DB00263200 /* CoreServices.framework */,
				BEC3005A1F5088D500263200 /* ApplicationServices.framework */,
				BEC300581F5088D100263200 /* QuickLook.framework */,
				BEC300561F5088C500263200 /* AppKit.framework */,
				BEC300541F50888D00263200 /* CoreFoundation.framework */,
				BEC300521F50887A00263200 /* Foundation.framework */,
			);
			name = Frameworks;
			sourceTree = "<group>";
		};
/* End PBXGroup section */

/* Begin PBXHeadersBuildPhase section */
		BEC3003F1F50873600263200 /* Headers */ = {
			isa = PBXHeadersBuildPhase;
			buildActionMask = 2147483647;
			files = (
			);
			runOnlyForDeploymentPostprocessing = 0;
		};
/* End PBXHeadersBuildPhase section */

/* Begin PBXNativeTarget section */
		BEC300411F50873600263200 /* java-class-quick-look */ = {
			isa = PBXNativeTarget;
			buildConfigurationList = BEC3004E1F50873600263200 /* Build configuration list for PBXNativeTarget "java-class-quick-look" */;
			buildPhases = (
				BEC3003D1F50873600263200 /* Sources */,
				BEC3003E1F50873600263200 /* Frameworks */,
				BEC3003F1F50873600263200 /* Headers */,
				BEC300401F50873600263200 /* Resources */,
			);
			buildRules = (
			);
			dependencies = (
			);
			name = "java-class-quick-look";
			productName = "java-class-quick-look";
			productReference = BEC300421F50873600263200 /* java-class-quick-look.qlgenerator */;
			productType = "com.apple.product-type.bundle";
		};
/* End PBXNativeTarget section */

/* Begin PBXProject section */
		BEC300391F50873600263200 /* Project object */ = {
			isa = PBXProject;
			attributes = {
				LastUpgradeCheck = 0830;
				ORGANIZATIONNAME = "Silver Fox";
				TargetAttributes = {
					BEC300411F50873600263200 = {
						CreatedOnToolsVersion = 8.3.3;
						DevelopmentTeam = 6G5LMQ72D8;
						ProvisioningStyle = Automatic;
					};
				};
			};
			buildConfigurationList = BEC3003C1F50873600263200 /* Build configuration list for PBXProject "java-class-quick-look" */;
			compatibilityVersion = "Xcode 3.2";
			developmentRegion = English;
			hasScannedForEncodings = 0;
			knownRegions = (
				en,
			);
			mainGroup = BEC300381F50873600263200;
			productRefGroup = BEC300431F50873600263200 /* Products */;
			projectDirPath = "";
			projectRoot = "";
			targets = (
				BEC300411F50873600263200 /* java-class-quick-look */,
			);
		};
/* End PBXProject section */

/* Begin PBXResourcesBuildPhase section */
		BEC300401F50873600263200 /* Resources */ = {
			isa = PBXResourcesBuildPhase;
			buildActionMask = 2147483647;
			files = (
			);
			runOnlyForDeploymentPostprocessing = 0;
		};
/* End PBXResourcesBuildPhase section */

/* Begin PBXSourcesBuildPhase section */
		BEC3003D1F50873600263200 /* Sources */ = {
			isa = PBXSourcesBuildPhase;
			buildActionMask = 2147483647;
			files = (
				BEC300461F50873600263200 /* GenerateThumbnailForURL.c in Sources */,
				BEC300481F50873600263200 /* GeneratePreviewForURL.m in Sources */,
				BEC3004A1F50873600263200 /* main.c in Sources */,
			);
			runOnlyForDeploymentPostprocessing = 0;
		};
/* End PBXSourcesBuildPhase section */

/* Begin XCBuildConfiguration section */
		BEC3004C1F50873600263200 /* Debug */ = {
			isa = XCBuildConfiguration;
			buildSettings = {
				ALWAYS_SEARCH_USER_PATHS = NO;
				CLANG_ANALYZER_NONNULL = YES;
				CLANG_ANALYZER_NUMBER_OBJECT_CONVERSION = YES_AGGRESSIVE;
				CLANG_CXX_LANGUAGE_STANDARD = "gnu++0x";
				CLANG_CXX_LIBRARY = "libc++";
				CLANG_ENABLE_MODULES = YES;
				CLANG_ENABLE_OBJC_ARC = YES;
				CLANG_WARN_BOOL_CONVERSION = YES;
				CLANG_WARN_CONSTANT_CONVERSION = YES;
				CLANG_WARN_DIRECT_OBJC_ISA_USAGE = YES_ERROR;
				CLANG_WARN_DOCUMENTATION_COMMENTS = YES;
				CLANG_WARN_EMPTY_BODY = YES;
				CLANG_WARN_ENUM_CONVERSION = YES;
				CLANG_WARN_INFINITE_RECURSION = YES;
				CLANG_WARN_INT_CONVERSION = YES;
				CLANG_WARN_OBJC_ROOT_CLASS = YES_ERROR;
				CLANG_WARN_SUSPICIOUS_MOVE = YES;
				CLANG_WARN_UNREACHABLE_CODE = YES;
				CLANG_WARN__DUPLICATE_METHOD_MATCH = YES;
				CODE_SIGN_IDENTITY = "-";
				COPY_PHASE_STRIP = NO;
				DEBUG_INFORMATION_FORMAT = dwarf;
				ENABLE_STRICT_OBJC_MSGSEND = YES;
				ENABLE_TESTABILITY = YES;
				GCC_C_LANGUAGE_STANDARD = gnu99;
				GCC_DYNAMIC_NO_PIC = NO;
				GCC_NO_COMMON_BLOCKS = YES;
				GCC_OPTIMIZATION_LEVEL = 0;
				GCC_PREPROCESSOR_DEFINITIONS = (
					"DEBUG=1",
					"$(inherited)",
				);
				GCC_WARN_64_TO_32_BIT_CONVERSION = YES;
				GCC_WARN_ABOUT_RETURN_TYPE = YES_ERROR;
				GCC_WARN_UNDECLARED_SELECTOR = YES;
				GCC_WARN_UNINITIALIZED_AUTOS = YES_AGGRESSIVE;
				GCC_WARN_UNUSED_FUNCTION = YES;
				GCC_WARN_UNUSED_VARIABLE = YES;
				MACOSX_DEPLOYMENT_TARGET = 10.12;
				MTL_ENABLE_DEBUG_INFO = YES;
				ONLY_ACTIVE_ARCH = YES;
				SDKROOT = macosx;
			};
			name = Debug;
		};
		BEC3004D1F50873600263200 /* Release */ = {
			isa = XCBuildConfiguration;
			buildSettings = {
				ALWAYS_SEARCH_USER_PATHS = NO;
				CLANG_ANALYZER_NONNULL = YES;
				CLANG_ANALYZER_NUMBER_OBJECT_CONVERSION = YES_AGGRESSIVE;
				CLANG_CXX_LANGUAGE_STANDARD = "gnu++0x";
				CLANG_CXX_LIBRARY = "libc++";
				CLANG_ENABLE_MODULES = YES;
				CLANG_ENABLE_OBJC_ARC = YES;
				CLANG_WARN_BOOL_CONVERSION = YES;
				CLANG_WARN_CONSTANT_CONVERSION = YES;
				CLANG_WARN_DIRECT_OBJC_ISA_USAGE = YES_ERROR;
				CLANG_WARN_DOCUMENTATION_COMMENTS = YES;
				CLANG_WARN_EMPTY_BODY = YES;
				CLANG_WARN_ENUM_CONVERSION = YES;
				CLANG_WARN_INFINITE_RECURSION = YES;
				CLANG_WARN_INT_CONVERSION = YES;
				CLANG_WARN_OBJC_ROOT_CLASS = YES_ERROR;
				CLANG_WARN_SUSPICIOUS_MOVE = YES;
				CLANG_WARN_UNREACHABLE_CODE = YES;
				CLANG_WARN__DUPLICATE_METHOD_MATCH = YES;
				CODE_SIGN_IDENTITY = "-";
				COPY_PHASE_STRIP = NO;
				DEBUG_INFORMATION_FORMAT = "dwarf-with-dsym";
				ENABLE_NS_ASSERTIONS = NO;
				ENABLE_STRICT_OBJC_MSGSEND = YES;
				GCC_C_LANGUAGE_STANDARD = gnu99;
				GCC_NO_COMMON_BLOCKS = YES;
				GCC_WARN_64_TO_32_BIT_CONVERSION = YES;
				GCC_WARN_ABOUT_RETURN_TYPE = YES_ERROR;
				GCC_WARN_UNDECLARED_SELECTOR = YES;
				GCC_WARN_UNINITIALIZED_AUTOS = YES_AGGRESSIVE;
				GCC_WARN_UNUSED_FUNCTION = YES;
				GCC_WARN_UNUSED_VARIABLE = YES;
				MACOSX_DEPLOYMENT_TARGET = 10.12;
				MTL_ENABLE_DEBUG_INFO = NO;
				SDKROOT = macosx;
			};
			name = Release;
		};
		BEC3004F1F50873600263200 /* Debug */ = {
			isa = XCBuildConfiguration;
			buildSettings = {
				CODE_SIGN_IDENTITY = "Mac Developer";
				COMBINE_HIDPI_IMAGES = YES;
				DEVELOPMENT_TEAM = 6G5LMQ72D8;
				INFOPLIST_FILE = "java-class-quick-look/Info.plist";
				INSTALL_PATH = /Library/QuickLook;
				PRODUCT_BUNDLE_IDENTIFIER = "be.silverfox.java-class-quick-look";
				PRODUCT_NAME = "$(TARGET_NAME)";
				PROVISIONING_PROFILE_SPECIFIER = "";
				WRAPPER_EXTENSION = qlgenerator;
			};
			name = Debug;
		};
		BEC300501F50873600263200 /* Release */ = {
			isa = XCBuildConfiguration;
			buildSettings = {
				CODE_SIGN_IDENTITY = "Mac Developer";
				COMBINE_HIDPI_IMAGES = YES;
				DEVELOPMENT_TEAM = 6G5LMQ72D8;
				INFOPLIST_FILE = "java-class-quick-look/Info.plist";
				INSTALL_PATH = /Library/QuickLook;
				PRODUCT_BUNDLE_IDENTIFIER = "be.silverfox.java-class-quick-look";
				PRODUCT_NAME = "$(TARGET_NAME)";
				PROVISIONING_PROFILE_SPECIFIER = "";
				WRAPPER_EXTENSION = qlgenerator;
			};
			name = Release;
		};
/* End XCBuildConfiguration section */

/* Begin XCConfigurationList section */
		BEC3003C1F50873600263200 /* Build configuration list for PBXProject "java-class-quick-look" */ = {
			isa = XCConfigurationList;
			buildConfigurations = (
				BEC3004C1F50873600263200 /* Debug */,
				BEC3004D1F50873600263200 /* Release */,
			);
			defaultConfigurationIsVisible = 0;
			defaultConfigurationName = Release;
		};
		BEC3004E1F50873600263200 /* Build configuration list for PBXNativeTarget "java-class-quick-look" */ = {
			isa = XCConfigurationList;
			buildConfigurations = (
				BEC3004F1F50873600263200 /* Debug */,
				BEC300501F50873600263200 /* Release */,
			);
			defaultConfigurationIsVisible = 0;
		};
/* End XCConfigurationList section */
	};
	rootObject = BEC300391F50873600263200 /* Project object */;
}
